
Microsoft Visual Studio Solution File, Format Version 12.00
# Visual Studio Version 17
VisualStudioVersion = 17.6.33829.357
MinimumVisualStudioVersion = 10.0.40219.1
Project("{FAE04EC0-301F-11D3-BF4B-00C04F79EFBC}") = "numeroAleatorio", "numeroAleatorio\numeroAleatorio.csproj", "{07BF99A4-B1E0-4B10-8D59-C3E815B49757}"
EndProject
Global
	GlobalSection(SolutionConfigurationPlatforms) = preSolution
		Debug|Any CPU = Debug|Any CPU
		Release|Any CPU = Release|Any CPU
	EndGlobalSection
	GlobalSection(ProjectConfigurationPlatforms) = postSolution
		{07BF99A4-B1E0-4B10-8D59-C3E815B49757}.Debug|Any CPU.ActiveCfg = Debug|Any CPU
		{07BF99A4-B1E0-4B10-8D59-C3E815B49757}.Debug|Any CPU.Build.0 = Debug|Any CPU
		{07BF99A4-B1E0-4B10-8D59-C3E815B49757}.Release|Any CPU.ActiveCfg = Release|Any CPU
		{07BF99A4-B1E0-4B10-8D59-C3E815B49757}.Release|Any CPU.Build.0 = Release|Any CPU
	EndGlobalSection
	GlobalSection(SolutionProperties) = preSolution
		HideSolutionNode = FALSE
	EndGlobalSection
	GlobalSection(ExtensibilityGlobals) = postSolution
		SolutionGuid = {ADFDD559-9AF4-439E-99F6-8DC78003954F}
	EndGlobalSection
EndGlobal
